
Microsoft Visual Studio Solution File, Format Version 12.00
# Visual Studio Version 17
VisualStudioVersion = 17.7.34024.191
MinimumVisualStudioVersion = 10.0.40219.1
Project("{FAE04EC0-301F-11D3-BF4B-00C04F79EFBC}") = "SimulasSoup", "SimulasSoup\SimulasSoup.csproj", "{49E76E83-D974-47EA-9C68-CEA4D2E6F8E2}"
EndProject
Global
	GlobalSection(SolutionConfigurationPlatforms) = preSolution
		Debug|Any CPU = Debug|Any CPU
		Release|Any CPU = Release|Any CPU
	EndGlobalSection
	GlobalSection(ProjectConfigurationPlatforms) = postSolution
		{49E76E83-D974-47EA-9C68-CEA4D2E6F8E2}.Debug|Any CPU.ActiveCfg = Debug|Any CPU
		{49E76E83-D974-47EA-9C68-CEA4D2E6F8E2}.Debug|Any CPU.Build.0 = Debug|Any CPU
		{49E76E83-D974-47EA-9C68-CEA4D2E6F8E2}.Release|Any CPU.ActiveCfg = Release|Any CPU
		{49E76E83-D974-47EA-9C68-CEA4D2E6F8E2}.Release|Any CPU.Build.0 = Release|Any CPU
	EndGlobalSection
	GlobalSection(SolutionProperties) = preSolution
		HideSolutionNode = FALSE
	EndGlobalSection
	GlobalSection(ExtensibilityGlobals) = postSolution
		SolutionGuid = {DF582719-04C4-4674-A4A9-499D7EB4D489}
	EndGlobalSection
EndGlobal
